
Microsoft Visual Studio Solution File, Format Version 12.00
# Visual Studio 14
VisualStudioVersion = 14.0.25123.0
MinimumVisualStudioVersion = 10.0.40219.1
Project("{2150E333-8FDC-42A3-9474-1A3956D46DE8}") = "Backend", "Backend", "{EC30D282-DF40-4264-A1AE-2CBB6FEC0D75}"
EndProject
Project("{2150E333-8FDC-42A3-9474-1A3956D46DE8}") = "Clients", "Clients", "{A569256B-7646-42DE-A0DA-0AF859802CFC}"
EndProject
Project("{2150E333-8FDC-42A3-9474-1A3956D46DE8}") = "Service", "Service", "{E94D8614-3407-49C7-BA65-172304D5ABC4}"
EndProject
Project("{2150E333-8FDC-42A3-9474-1A3956D46DE8}") = "WebAPI", "WebAPI", "{96CB279B-EBF5-414A-BBFF-7769BF3C4EBE}"
EndProject
Project("{FAE04EC0-301F-11D3-BF4B-00C04F79EFBC}") = "BusinessLogicTier", "BusinessLogicTier\BusinessLogicTier.csproj", "{9CD148E6-13DD-4B0F-8F38-3CEB2646FBC5}"
EndProject
Project("{2150E333-8FDC-42A3-9474-1A3956D46DE8}") = "Tests", "Tests", "{1594C8ED-B51B-4E5C-9448-466BB2DAB8C2}"
EndProject
Project("{8BC9CEB8-8B4A-11D0-8D11-00A0C91BC942}") = "ExtensionAlgorithms.Tests", "ExtensionAlgorithms.Tests\ExtensionAlgorithmsTest.vcxproj", "{9DB9AC6D-1EFD-40E6-A86E-E1E7803E226B}"
EndProject
Project("{FAE04EC0-301F-11D3-BF4B-00C04F79EFBC}") = "WebApiTier.Tests", "WebApiTier.Tests\WebApiTier.Tests.csproj", "{F7BCDFBC-9E38-434D-A614-5453B05FD2AF}"
EndProject
Project("{FAE04EC0-301F-11D3-BF4B-00C04F79EFBC}") = "BusinessLogic.Tests", "BusinessLogic.Tests\BusinessLogic.Tests.csproj", "{EB579664-9E71-47AA-8027-B922F0B81A20}"
EndProject
Project("{FAE04EC0-301F-11D3-BF4B-00C04F79EFBC}") = "WCFService.Tests", "WCFService.Tests\WCFService.Tests.csproj", "{4B131D49-6D3E-49D6-BD8E-04DBE56EE23A}"
	ProjectSection(ProjectDependencies) = postProject
		{A71FFBE2-4140-41C8-B159-EB70F285E48E} = {A71FFBE2-4140-41C8-B159-EB70F285E48E}
	EndProjectSection
EndProject
Project("{FAE04EC0-301F-11D3-BF4B-00C04F79EFBC}") = "WebApiTier", "WebApiTier\WebApiTier.csproj", "{31A6F360-86D0-4D8C-9625-2CA89B037AAB}"
	ProjectSection(ProjectDependencies) = postProject
		{A71FFBE2-4140-41C8-B159-EB70F285E48E} = {A71FFBE2-4140-41C8-B159-EB70F285E48E}
	EndProjectSection
EndProject
Project("{FAE04EC0-301F-11D3-BF4B-00C04F79EFBC}") = "AngularClient", "AngularClient\AngularClient.csproj", "{ADAFE554-8B0E-4867-A945-5CA4950C4BCA}"
EndProject
Project("{FAE04EC0-301F-11D3-BF4B-00C04F79EFBC}") = "WCFService", "WCFService\WCFService.csproj", "{A71FFBE2-4140-41C8-B159-EB70F285E48E}"
EndProject
Project("{FAE04EC0-301F-11D3-BF4B-00C04F79EFBC}") = "BusinessLogic.ManualTests", "BusinessLogic.ManualTests\BusinessLogic.ManualTests.csproj", "{E048439B-FDBB-45B6-AD95-ADD591E37F42}"
EndProject
Project("{FAE04EC0-301F-11D3-BF4B-00C04F79EFBC}") = "BotLogic", "BotLogic\BotLogic.csproj", "{3AE372CC-AE57-418A-984F-6D035261B59E}"
EndProject
Global
	GlobalSection(SolutionConfigurationPlatforms) = preSolution
		Debug|Any CPU = Debug|Any CPU
		Debug|Win32 = Debug|Win32
		Debug|x64 = Debug|x64
		Debug|x86 = Debug|x86
		Release|Any CPU = Release|Any CPU
		Release|Win32 = Release|Win32
		Release|x64 = Release|x64
		Release|x86 = Release|x86
	EndGlobalSection
	GlobalSection(ProjectConfigurationPlatforms) = postSolution
		{9CD148E6-13DD-4B0F-8F38-3CEB2646FBC5}.Debug|Any CPU.ActiveCfg = Debug|Any CPU
		{9CD148E6-13DD-4B0F-8F38-3CEB2646FBC5}.Debug|Any CPU.Build.0 = Debug|Any CPU
		{9CD148E6-13DD-4B0F-8F38-3CEB2646FBC5}.Debug|Win32.ActiveCfg = Debug|x86
		{9CD148E6-13DD-4B0F-8F38-3CEB2646FBC5}.Debug|Win32.Build.0 = Debug|x86
		{9CD148E6-13DD-4B0F-8F38-3CEB2646FBC5}.Debug|x64.ActiveCfg = Debug|x64
		{9CD148E6-13DD-4B0F-8F38-3CEB2646FBC5}.Debug|x64.Build.0 = Debug|x64
		{9CD148E6-13DD-4B0F-8F38-3CEB2646FBC5}.Debug|x86.ActiveCfg = Debug|Any CPU
		{9CD148E6-13DD-4B0F-8F38-3CEB2646FBC5}.Debug|x86.Build.0 = Debug|Any CPU
		{9CD148E6-13DD-4B0F-8F38-3CEB2646FBC5}.Release|Any CPU.ActiveCfg = Release|Any CPU
		{9CD148E6-13DD-4B0F-8F38-3CEB2646FBC5}.Release|Any CPU.Build.0 = Release|Any CPU
		{9CD148E6-13DD-4B0F-8F38-3CEB2646FBC5}.Release|Win32.ActiveCfg = Release|x86
		{9CD148E6-13DD-4B0F-8F38-3CEB2646FBC5}.Release|Win32.Build.0 = Release|x86
		{9CD148E6-13DD-4B0F-8F38-3CEB2646FBC5}.Release|x64.ActiveCfg = Release|Any CPU
		{9CD148E6-13DD-4B0F-8F38-3CEB2646FBC5}.Release|x64.Build.0 = Release|Any CPU
		{9CD148E6-13DD-4B0F-8F38-3CEB2646FBC5}.Release|x86.ActiveCfg = Release|Any CPU
		{9CD148E6-13DD-4B0F-8F38-3CEB2646FBC5}.Release|x86.Build.0 = Release|Any CPU
		{9DB9AC6D-1EFD-40E6-A86E-E1E7803E226B}.Debug|Any CPU.ActiveCfg = Debug|x64
		{9DB9AC6D-1EFD-40E6-A86E-E1E7803E226B}.Debug|Any CPU.Build.0 = Debug|x64
		{9DB9AC6D-1EFD-40E6-A86E-E1E7803E226B}.Debug|Win32.ActiveCfg = Debug|Win32
		{9DB9AC6D-1EFD-40E6-A86E-E1E7803E226B}.Debug|Win32.Build.0 = Debug|Win32
		{9DB9AC6D-1EFD-40E6-A86E-E1E7803E226B}.Debug|x64.ActiveCfg = Debug|x64
		{9DB9AC6D-1EFD-40E6-A86E-E1E7803E226B}.Debug|x64.Build.0 = Debug|x64
		{9DB9AC6D-1EFD-40E6-A86E-E1E7803E226B}.Debug|x86.ActiveCfg = Debug|Win32
		{9DB9AC6D-1EFD-40E6-A86E-E1E7803E226B}.Debug|x86.Build.0 = Debug|Win32
		{9DB9AC6D-1EFD-40E6-A86E-E1E7803E226B}.Release|Any CPU.ActiveCfg = Release|Win32
		{9DB9AC6D-1EFD-40E6-A86E-E1E7803E226B}.Release|Win32.ActiveCfg = Release|Win32
		{9DB9AC6D-1EFD-40E6-A86E-E1E7803E226B}.Release|Win32.Build.0 = Release|Win32
		{9DB9AC6D-1EFD-40E6-A86E-E1E7803E226B}.Release|x64.ActiveCfg = Release|x64
		{9DB9AC6D-1EFD-40E6-A86E-E1E7803E226B}.Release|x64.Build.0 = Release|x64
		{9DB9AC6D-1EFD-40E6-A86E-E1E7803E226B}.Release|x86.ActiveCfg = Release|Win32
		{9DB9AC6D-1EFD-40E6-A86E-E1E7803E226B}.Release|x86.Build.0 = Release|Win32
		{F7BCDFBC-9E38-434D-A614-5453B05FD2AF}.Debug|Any CPU.ActiveCfg = Debug|Any CPU
		{F7BCDFBC-9E38-434D-A614-5453B05FD2AF}.Debug|Any CPU.Build.0 = Debug|Any CPU
		{F7BCDFBC-9E38-434D-A614-5453B05FD2AF}.Debug|Win32.ActiveCfg = Debug|x86
		{F7BCDFBC-9E38-434D-A614-5453B05FD2AF}.Debug|Win32.Build.0 = Debug|x86
		{F7BCDFBC-9E38-434D-A614-5453B05FD2AF}.Debug|x64.ActiveCfg = Debug|x64
		{F7BCDFBC-9E38-434D-A614-5453B05FD2AF}.Debug|x64.Build.0 = Debug|x64
		{F7BCDFBC-9E38-434D-A614-5453B05FD2AF}.Debug|x86.ActiveCfg = Debug|Any CPU
		{F7BCDFBC-9E38-434D-A614-5453B05FD2AF}.Debug|x86.Build.0 = Debug|Any CPU
		{F7BCDFBC-9E38-434D-A614-5453B05FD2AF}.Release|Any CPU.ActiveCfg = Release|Any CPU
		{F7BCDFBC-9E38-434D-A614-5453B05FD2AF}.Release|Any CPU.Build.0 = Release|Any CPU
		{F7BCDFBC-9E38-434D-A614-5453B05FD2AF}.Release|Win32.ActiveCfg = Release|x86
		{F7BCDFBC-9E38-434D-A614-5453B05FD2AF}.Release|Win32.Build.0 = Release|x86
		{F7BCDFBC-9E38-434D-A614-5453B05FD2AF}.Release|x64.ActiveCfg = Release|Any CPU
		{F7BCDFBC-9E38-434D-A614-5453B05FD2AF}.Release|x64.Build.0 = Release|Any CPU
		{F7BCDFBC-9E38-434D-A614-5453B05FD2AF}.Release|x86.ActiveCfg = Release|Any CPU
		{F7BCDFBC-9E38-434D-A614-5453B05FD2AF}.Release|x86.Build.0 = Release|Any CPU
		{EB579664-9E71-47AA-8027-B922F0B81A20}.Debug|Any CPU.ActiveCfg = Debug|Any CPU
		{EB579664-9E71-47AA-8027-B922F0B81A20}.Debug|Any CPU.Build.0 = Debug|Any CPU
		{EB579664-9E71-47AA-8027-B922F0B81A20}.Debug|Win32.ActiveCfg = Debug|x86
		{EB579664-9E71-47AA-8027-B922F0B81A20}.Debug|Win32.Build.0 = Debug|x86
		{EB579664-9E71-47AA-8027-B922F0B81A20}.Debug|x64.ActiveCfg = Debug|x64
		{EB579664-9E71-47AA-8027-B922F0B81A20}.Debug|x64.Build.0 = Debug|x64
		{EB579664-9E71-47AA-8027-B922F0B81A20}.Debug|x64.Deploy.0 = Debug|x64
		{EB579664-9E71-47AA-8027-B922F0B81A20}.Debug|x86.ActiveCfg = Debug|Any CPU
		{EB579664-9E71-47AA-8027-B922F0B81A20}.Debug|x86.Build.0 = Debug|Any CPU
		{EB579664-9E71-47AA-8027-B922F0B81A20}.Release|Any CPU.ActiveCfg = Release|Any CPU
		{EB579664-9E71-47AA-8027-B922F0B81A20}.Release|Any CPU.Build.0 = Release|Any CPU
		{EB579664-9E71-47AA-8027-B922F0B81A20}.Release|Win32.ActiveCfg = Release|x86
		{EB579664-9E71-47AA-8027-B922F0B81A20}.Release|Win32.Build.0 = Release|x86
		{EB579664-9E71-47AA-8027-B922F0B81A20}.Release|x64.ActiveCfg = Release|Any CPU
		{EB579664-9E71-47AA-8027-B922F0B81A20}.Release|x64.Build.0 = Release|Any CPU
		{EB579664-9E71-47AA-8027-B922F0B81A20}.Release|x86.ActiveCfg = Release|Any CPU
		{EB579664-9E71-47AA-8027-B922F0B81A20}.Release|x86.Build.0 = Release|Any CPU
		{4B131D49-6D3E-49D6-BD8E-04DBE56EE23A}.Debug|Any CPU.ActiveCfg = Debug|Any CPU
		{4B131D49-6D3E-49D6-BD8E-04DBE56EE23A}.Debug|Any CPU.Build.0 = Debug|Any CPU
		{4B131D49-6D3E-49D6-BD8E-04DBE56EE23A}.Debug|Win32.ActiveCfg = Debug|x86
		{4B131D49-6D3E-49D6-BD8E-04DBE56EE23A}.Debug|Win32.Build.0 = Debug|x86
		{4B131D49-6D3E-49D6-BD8E-04DBE56EE23A}.Debug|x64.ActiveCfg = Debug|x64
		{4B131D49-6D3E-49D6-BD8E-04DBE56EE23A}.Debug|x64.Build.0 = Debug|x64
		{4B131D49-6D3E-49D6-BD8E-04DBE56EE23A}.Debug|x86.ActiveCfg = Debug|Any CPU
		{4B131D49-6D3E-49D6-BD8E-04DBE56EE23A}.Debug|x86.Build.0 = Debug|Any CPU
		{4B131D49-6D3E-49D6-BD8E-04DBE56EE23A}.Release|Any CPU.ActiveCfg = Release|Any CPU
		{4B131D49-6D3E-49D6-BD8E-04DBE56EE23A}.Release|Any CPU.Build.0 = Release|Any CPU
		{4B131D49-6D3E-49D6-BD8E-04DBE56EE23A}.Release|Win32.ActiveCfg = Release|x86
		{4B131D49-6D3E-49D6-BD8E-04DBE56EE23A}.Release|Win32.Build.0 = Release|x86
		{4B131D49-6D3E-49D6-BD8E-04DBE56EE23A}.Release|x64.ActiveCfg = Release|Any CPU
		{4B131D49-6D3E-49D6-BD8E-04DBE56EE23A}.Release|x64.Build.0 = Release|Any CPU
		{4B131D49-6D3E-49D6-BD8E-04DBE56EE23A}.Release|x86.ActiveCfg = Release|Any CPU
		{4B131D49-6D3E-49D6-BD8E-04DBE56EE23A}.Release|x86.Build.0 = Release|Any CPU
		{31A6F360-86D0-4D8C-9625-2CA89B037AAB}.Debug|Any CPU.ActiveCfg = Debug|Any CPU
		{31A6F360-86D0-4D8C-9625-2CA89B037AAB}.Debug|Any CPU.Build.0 = Debug|Any CPU
		{31A6F360-86D0-4D8C-9625-2CA89B037AAB}.Debug|Win32.ActiveCfg = Debug|x86
		{31A6F360-86D0-4D8C-9625-2CA89B037AAB}.Debug|Win32.Build.0 = Debug|x86
		{31A6F360-86D0-4D8C-9625-2CA89B037AAB}.Debug|x64.ActiveCfg = Debug|x64
		{31A6F360-86D0-4D8C-9625-2CA89B037AAB}.Debug|x64.Build.0 = Debug|x64
		{31A6F360-86D0-4D8C-9625-2CA89B037AAB}.Debug|x86.ActiveCfg = Debug|x86
		{31A6F360-86D0-4D8C-9625-2CA89B037AAB}.Debug|x86.Build.0 = Debug|x86
		{31A6F360-86D0-4D8C-9625-2CA89B037AAB}.Release|Any CPU.ActiveCfg = Release|Any CPU
		{31A6F360-86D0-4D8C-9625-2CA89B037AAB}.Release|Any CPU.Build.0 = Release|Any CPU
		{31A6F360-86D0-4D8C-9625-2CA89B037AAB}.Release|Win32.ActiveCfg = Release|x86
		{31A6F360-86D0-4D8C-9625-2CA89B037AAB}.Release|Win32.Build.0 = Release|x86
		{31A6F360-86D0-4D8C-9625-2CA89B037AAB}.Release|x64.ActiveCfg = Release|x64
		{31A6F360-86D0-4D8C-9625-2CA89B037AAB}.Release|x64.Build.0 = Release|x64
		{31A6F360-86D0-4D8C-9625-2CA89B037AAB}.Release|x86.ActiveCfg = Release|x86
		{31A6F360-86D0-4D8C-9625-2CA89B037AAB}.Release|x86.Build.0 = Release|x86
		{ADAFE554-8B0E-4867-A945-5CA4950C4BCA}.Debug|Any CPU.ActiveCfg = Debug|Any CPU
		{ADAFE554-8B0E-4867-A945-5CA4950C4BCA}.Debug|Any CPU.Build.0 = Debug|Any CPU
		{ADAFE554-8B0E-4867-A945-5CA4950C4BCA}.Debug|Win32.ActiveCfg = Debug|Any CPU
		{ADAFE554-8B0E-4867-A945-5CA4950C4BCA}.Debug|Win32.Build.0 = Debug|Any CPU
		{ADAFE554-8B0E-4867-A945-5CA4950C4BCA}.Debug|x64.ActiveCfg = Debug|Any CPU
		{ADAFE554-8B0E-4867-A945-5CA4950C4BCA}.Debug|x64.Build.0 = Debug|Any CPU
		{ADAFE554-8B0E-4867-A945-5CA4950C4BCA}.Debug|x86.ActiveCfg = Debug|Any CPU
		{ADAFE554-8B0E-4867-A945-5CA4950C4BCA}.Debug|x86.Build.0 = Debug|Any CPU
		{ADAFE554-8B0E-4867-A945-5CA4950C4BCA}.Release|Any CPU.ActiveCfg = Release|Any CPU
		{ADAFE554-8B0E-4867-A945-5CA4950C4BCA}.Release|Any CPU.Build.0 = Release|Any CPU
		{ADAFE554-8B0E-4867-A945-5CA4950C4BCA}.Release|Win32.ActiveCfg = Release|Any CPU
		{ADAFE554-8B0E-4867-A945-5CA4950C4BCA}.Release|Win32.Build.0 = Release|Any CPU
		{ADAFE554-8B0E-4867-A945-5CA4950C4BCA}.Release|x64.ActiveCfg = Release|Any CPU
		{ADAFE554-8B0E-4867-A945-5CA4950C4BCA}.Release|x64.Build.0 = Release|Any CPU
		{ADAFE554-8B0E-4867-A945-5CA4950C4BCA}.Release|x86.ActiveCfg = Release|Any CPU
		{ADAFE554-8B0E-4867-A945-5CA4950C4BCA}.Release|x86.Build.0 = Release|Any CPU
		{A71FFBE2-4140-41C8-B159-EB70F285E48E}.Debug|Any CPU.ActiveCfg = Debug|Any CPU
		{A71FFBE2-4140-41C8-B159-EB70F285E48E}.Debug|Any CPU.Build.0 = Debug|Any CPU
		{A71FFBE2-4140-41C8-B159-EB70F285E48E}.Debug|Win32.ActiveCfg = Debug|Any CPU
		{A71FFBE2-4140-41C8-B159-EB70F285E48E}.Debug|Win32.Build.0 = Debug|Any CPU
		{A71FFBE2-4140-41C8-B159-EB70F285E48E}.Debug|x64.ActiveCfg = Debug|Any CPU
		{A71FFBE2-4140-41C8-B159-EB70F285E48E}.Debug|x64.Build.0 = Debug|Any CPU
		{A71FFBE2-4140-41C8-B159-EB70F285E48E}.Debug|x86.ActiveCfg = Debug|Any CPU
		{A71FFBE2-4140-41C8-B159-EB70F285E48E}.Debug|x86.Build.0 = Debug|Any CPU
		{A71FFBE2-4140-41C8-B159-EB70F285E48E}.Release|Any CPU.ActiveCfg = Release|Any CPU
		{A71FFBE2-4140-41C8-B159-EB70F285E48E}.Release|Any CPU.Build.0 = Release|Any CPU
		{A71FFBE2-4140-41C8-B159-EB70F285E48E}.Release|Win32.ActiveCfg = Release|Any CPU
		{A71FFBE2-4140-41C8-B159-EB70F285E48E}.Release|Win32.Build.0 = Release|Any CPU
		{A71FFBE2-4140-41C8-B159-EB70F285E48E}.Release|x64.ActiveCfg = Release|Any CPU
		{A71FFBE2-4140-41C8-B159-EB70F285E48E}.Release|x64.Build.0 = Release|Any CPU
		{A71FFBE2-4140-41C8-B159-EB70F285E48E}.Release|x86.ActiveCfg = Release|Any CPU
		{A71FFBE2-4140-41C8-B159-EB70F285E48E}.Release|x86.Build.0 = Release|Any CPU
		{E048439B-FDBB-45B6-AD95-ADD591E37F42}.Debug|Any CPU.ActiveCfg = Debug|Any CPU
		{E048439B-FDBB-45B6-AD95-ADD591E37F42}.Debug|Any CPU.Build.0 = Debug|Any CPU
		{E048439B-FDBB-45B6-AD95-ADD591E37F42}.Debug|Win32.ActiveCfg = Debug|Any CPU
		{E048439B-FDBB-45B6-AD95-ADD591E37F42}.Debug|Win32.Build.0 = Debug|Any CPU
		{E048439B-FDBB-45B6-AD95-ADD591E37F42}.Debug|x64.ActiveCfg = Debug|Any CPU
		{E048439B-FDBB-45B6-AD95-ADD591E37F42}.Debug|x64.Build.0 = Debug|Any CPU
		{E048439B-FDBB-45B6-AD95-ADD591E37F42}.Debug|x86.ActiveCfg = Debug|Any CPU
		{E048439B-FDBB-45B6-AD95-ADD591E37F42}.Debug|x86.Build.0 = Debug|Any CPU
		{E048439B-FDBB-45B6-AD95-ADD591E37F42}.Release|Any CPU.ActiveCfg = Release|Any CPU
		{E048439B-FDBB-45B6-AD95-ADD591E37F42}.Release|Any CPU.Build.0 = Release|Any CPU
		{E048439B-FDBB-45B6-AD95-ADD591E37F42}.Release|Win32.ActiveCfg = Release|Any CPU
		{E048439B-FDBB-45B6-AD95-ADD591E37F42}.Release|Win32.Build.0 = Release|Any CPU
		{E048439B-FDBB-45B6-AD95-ADD591E37F42}.Release|x64.ActiveCfg = Release|Any CPU
		{E048439B-FDBB-45B6-AD95-ADD591E37F42}.Release|x64.Build.0 = Release|Any CPU
		{E048439B-FDBB-45B6-AD95-ADD591E37F42}.Release|x86.ActiveCfg = Release|Any CPU
		{E048439B-FDBB-45B6-AD95-ADD591E37F42}.Release|x86.Build.0 = Release|Any CPU
		{3AE372CC-AE57-418A-984F-6D035261B59E}.Debug|Any CPU.ActiveCfg = Debug|Any CPU
		{3AE372CC-AE57-418A-984F-6D035261B59E}.Debug|Any CPU.Build.0 = Debug|Any CPU
		{3AE372CC-AE57-418A-984F-6D035261B59E}.Debug|Win32.ActiveCfg = Debug|Any CPU
		{3AE372CC-AE57-418A-984F-6D035261B59E}.Debug|Win32.Build.0 = Debug|Any CPU
		{3AE372CC-AE57-418A-984F-6D035261B59E}.Debug|x64.ActiveCfg = Debug|Any CPU
		{3AE372CC-AE57-418A-984F-6D035261B59E}.Debug|x64.Build.0 = Debug|Any CPU
		{3AE372CC-AE57-418A-984F-6D035261B59E}.Debug|x86.ActiveCfg = Debug|Any CPU
		{3AE372CC-AE57-418A-984F-6D035261B59E}.Debug|x86.Build.0 = Debug|Any CPU
		{3AE372CC-AE57-418A-984F-6D035261B59E}.Release|Any CPU.ActiveCfg = Release|Any CPU
		{3AE372CC-AE57-418A-984F-6D035261B59E}.Release|Any CPU.Build.0 = Release|Any CPU
		{3AE372CC-AE57-418A-984F-6D035261B59E}.Release|Win32.ActiveCfg = Release|Any CPU
		{3AE372CC-AE57-418A-984F-6D035261B59E}.Release|Win32.Build.0 = Release|Any CPU
		{3AE372CC-AE57-418A-984F-6D035261B59E}.Release|x64.ActiveCfg = Release|Any CPU
		{3AE372CC-AE57-418A-984F-6D035261B59E}.Release|x64.Build.0 = Release|Any CPU
		{3AE372CC-AE57-418A-984F-6D035261B59E}.Release|x86.ActiveCfg = Release|Any CPU
		{3AE372CC-AE57-418A-984F-6D035261B59E}.Release|x86.Build.0 = Release|Any CPU
	EndGlobalSection
	GlobalSection(SolutionProperties) = preSolution
		HideSolutionNode = FALSE
	EndGlobalSection
	GlobalSection(NestedProjects) = preSolution
		{E94D8614-3407-49C7-BA65-172304D5ABC4} = {EC30D282-DF40-4264-A1AE-2CBB6FEC0D75}
		{96CB279B-EBF5-414A-BBFF-7769BF3C4EBE} = {EC30D282-DF40-4264-A1AE-2CBB6FEC0D75}
		{9CD148E6-13DD-4B0F-8F38-3CEB2646FBC5} = {E94D8614-3407-49C7-BA65-172304D5ABC4}
		{1594C8ED-B51B-4E5C-9448-466BB2DAB8C2} = {EC30D282-DF40-4264-A1AE-2CBB6FEC0D75}
		{9DB9AC6D-1EFD-40E6-A86E-E1E7803E226B} = {1594C8ED-B51B-4E5C-9448-466BB2DAB8C2}
		{F7BCDFBC-9E38-434D-A614-5453B05FD2AF} = {1594C8ED-B51B-4E5C-9448-466BB2DAB8C2}
		{EB579664-9E71-47AA-8027-B922F0B81A20} = {1594C8ED-B51B-4E5C-9448-466BB2DAB8C2}
		{4B131D49-6D3E-49D6-BD8E-04DBE56EE23A} = {1594C8ED-B51B-4E5C-9448-466BB2DAB8C2}
		{31A6F360-86D0-4D8C-9625-2CA89B037AAB} = {96CB279B-EBF5-414A-BBFF-7769BF3C4EBE}
		{ADAFE554-8B0E-4867-A945-5CA4950C4BCA} = {A569256B-7646-42DE-A0DA-0AF859802CFC}
		{A71FFBE2-4140-41C8-B159-EB70F285E48E} = {E94D8614-3407-49C7-BA65-172304D5ABC4}
		{E048439B-FDBB-45B6-AD95-ADD591E37F42} = {1594C8ED-B51B-4E5C-9448-466BB2DAB8C2}
		{3AE372CC-AE57-418A-984F-6D035261B59E} = {E94D8614-3407-49C7-BA65-172304D5ABC4}
	EndGlobalSection
EndGlobal
