
Microsoft Visual Studio Solution File, Format Version 12.00
# Visual Studio 14
VisualStudioVersion = 14.0.25123.0
MinimumVisualStudioVersion = 10.0.40219.1
Project("{FAE04EC0-301F-11D3-BF4B-00C04F79EFBC}") = "Test", "Test\Test.csproj", "{6CB572C1-0696-4887-AEE0-B6096D0D4393}"
EndProject
Project("{FAE04EC0-301F-11D3-BF4B-00C04F79EFBC}") = "TitanWcfService", "TitanWcfService\TitanWcfService.csproj", "{B85DB995-D499-4CD3-B60B-8BFBE7D0375F}"
EndProject
Global
	GlobalSection(SolutionConfigurationPlatforms) = preSolution
		Debug|Any CPU = Debug|Any CPU
		Release|Any CPU = Release|Any CPU
	EndGlobalSection
	GlobalSection(ProjectConfigurationPlatforms) = postSolution
		{6CB572C1-0696-4887-AEE0-B6096D0D4393}.Debug|Any CPU.ActiveCfg = Debug|Any CPU
		{6CB572C1-0696-4887-AEE0-B6096D0D4393}.Debug|Any CPU.Build.0 = Debug|Any CPU
		{6CB572C1-0696-4887-AEE0-B6096D0D4393}.Release|Any CPU.ActiveCfg = Release|Any CPU
		{6CB572C1-0696-4887-AEE0-B6096D0D4393}.Release|Any CPU.Build.0 = Release|Any CPU
		{B85DB995-D499-4CD3-B60B-8BFBE7D0375F}.Debug|Any CPU.ActiveCfg = Debug|Any CPU
		{B85DB995-D499-4CD3-B60B-8BFBE7D0375F}.Debug|Any CPU.Build.0 = Debug|Any CPU
		{B85DB995-D499-4CD3-B60B-8BFBE7D0375F}.Release|Any CPU.ActiveCfg = Release|Any CPU
		{B85DB995-D499-4CD3-B60B-8BFBE7D0375F}.Release|Any CPU.Build.0 = Release|Any CPU
	EndGlobalSection
	GlobalSection(SolutionProperties) = preSolution
		HideSolutionNode = FALSE
	EndGlobalSection
EndGlobal
